
Microsoft Visual Studio Solution File, Format Version 12.00
# Visual Studio Version 17
VisualStudioVersion = 17.0.32112.339
MinimumVisualStudioVersion = 10.0.40219.1
Project("{FAE04EC0-301F-11D3-BF4B-00C04F79EFBC}") = "LargestNo", "LargestNo.csproj", "{74B749F5-8891-4F22-97EB-64665852A00E}"
EndProject
Global
	GlobalSection(SolutionConfigurationPlatforms) = preSolution
		Debug|Any CPU = Debug|Any CPU
		Release|Any CPU = Release|Any CPU
	EndGlobalSection
	GlobalSection(ProjectConfigurationPlatforms) = postSolution
		{74B749F5-8891-4F22-97EB-64665852A00E}.Debug|Any CPU.ActiveCfg = Debug|Any CPU
		{74B749F5-8891-4F22-97EB-64665852A00E}.Debug|Any CPU.Build.0 = Debug|Any CPU
		{74B749F5-8891-4F22-97EB-64665852A00E}.Release|Any CPU.ActiveCfg = Release|Any CPU
		{74B749F5-8891-4F22-97EB-64665852A00E}.Release|Any CPU.Build.0 = Release|Any CPU
	EndGlobalSection
	GlobalSection(SolutionProperties) = preSolution
		HideSolutionNode = FALSE
	EndGlobalSection
	GlobalSection(ExtensibilityGlobals) = postSolution
		SolutionGuid = {8ADDA001-81DC-475B-BE5F-C99884753363}
	EndGlobalSection
EndGlobal
