
Microsoft Visual Studio Solution File, Format Version 12.00
# Visual Studio Version 17
VisualStudioVersion = 17.0.32112.339
MinimumVisualStudioVersion = 10.0.40219.1
Project("{FAE04EC0-301F-11D3-BF4B-00C04F79EFBC}") = "PowerOfTwo", "PowerOfTwo.csproj", "{70E7F332-5C46-4921-B366-44FE01E8F17F}"
EndProject
Global
	GlobalSection(SolutionConfigurationPlatforms) = preSolution
		Debug|Any CPU = Debug|Any CPU
		Release|Any CPU = Release|Any CPU
	EndGlobalSection
	GlobalSection(ProjectConfigurationPlatforms) = postSolution
		{70E7F332-5C46-4921-B366-44FE01E8F17F}.Debug|Any CPU.ActiveCfg = Debug|Any CPU
		{70E7F332-5C46-4921-B366-44FE01E8F17F}.Debug|Any CPU.Build.0 = Debug|Any CPU
		{70E7F332-5C46-4921-B366-44FE01E8F17F}.Release|Any CPU.ActiveCfg = Release|Any CPU
		{70E7F332-5C46-4921-B366-44FE01E8F17F}.Release|Any CPU.Build.0 = Release|Any CPU
	EndGlobalSection
	GlobalSection(SolutionProperties) = preSolution
		HideSolutionNode = FALSE
	EndGlobalSection
	GlobalSection(ExtensibilityGlobals) = postSolution
		SolutionGuid = {7DCBA8C0-B22A-4725-A089-EA04CB35046E}
	EndGlobalSection
EndGlobal
