
Microsoft Visual Studio Solution File, Format Version 12.00
# Visual Studio Version 17
VisualStudioVersion = 17.0.32112.339
MinimumVisualStudioVersion = 10.0.40219.1
Project("{FAE04EC0-301F-11D3-BF4B-00C04F79EFBC}") = "Swap2No", "Swap2No.csproj", "{A480CC0D-90C2-43AE-A49F-18C2F8309A1F}"
EndProject
Global
	GlobalSection(SolutionConfigurationPlatforms) = preSolution
		Debug|Any CPU = Debug|Any CPU
		Release|Any CPU = Release|Any CPU
	EndGlobalSection
	GlobalSection(ProjectConfigurationPlatforms) = postSolution
		{A480CC0D-90C2-43AE-A49F-18C2F8309A1F}.Debug|Any CPU.ActiveCfg = Debug|Any CPU
		{A480CC0D-90C2-43AE-A49F-18C2F8309A1F}.Debug|Any CPU.Build.0 = Debug|Any CPU
		{A480CC0D-90C2-43AE-A49F-18C2F8309A1F}.Release|Any CPU.ActiveCfg = Release|Any CPU
		{A480CC0D-90C2-43AE-A49F-18C2F8309A1F}.Release|Any CPU.Build.0 = Release|Any CPU
	EndGlobalSection
	GlobalSection(SolutionProperties) = preSolution
		HideSolutionNode = FALSE
	EndGlobalSection
	GlobalSection(ExtensibilityGlobals) = postSolution
		SolutionGuid = {BA98EEE4-6B23-4D63-837B-BB5B51995684}
	EndGlobalSection
EndGlobal
